
Microsoft Visual Studio Solution File, Format Version 12.00
# Visual Studio Version 17
VisualStudioVersion = 17.5.33424.131
MinimumVisualStudioVersion = 10.0.40219.1
Project("{FAE04EC0-301F-11D3-BF4B-00C04F79EFBC}") = "MVC_Insert_Data_Into_Database", "MVC_Insert_Data_Into_Database\MVC_Insert_Data_Into_Database.csproj", "{DE3E4021-3530-41FF-84F1-150DC2658B90}"
EndProject
Global
	GlobalSection(SolutionConfigurationPlatforms) = preSolution
		Debug|Any CPU = Debug|Any CPU
		Release|Any CPU = Release|Any CPU
	EndGlobalSection
	GlobalSection(ProjectConfigurationPlatforms) = postSolution
		{DE3E4021-3530-41FF-84F1-150DC2658B90}.Debug|Any CPU.ActiveCfg = Debug|Any CPU
		{DE3E4021-3530-41FF-84F1-150DC2658B90}.Debug|Any CPU.Build.0 = Debug|Any CPU
		{DE3E4021-3530-41FF-84F1-150DC2658B90}.Release|Any CPU.ActiveCfg = Release|Any CPU
		{DE3E4021-3530-41FF-84F1-150DC2658B90}.Release|Any CPU.Build.0 = Release|Any CPU
	EndGlobalSection
	GlobalSection(SolutionProperties) = preSolution
		HideSolutionNode = FALSE
	EndGlobalSection
	GlobalSection(ExtensibilityGlobals) = postSolution
		SolutionGuid = {88BD2A39-1134-46D1-8017-F373BC0E8093}
	EndGlobalSection
EndGlobal
